schema: '2.0'
stages:
  master bias:
    cmd: python python/masterBias.py
    deps:
    - path: python/masterBias.py
      hash: md5
      md5: 58802c36148df582df74d7174ebb39e5
      size: 2345
    - path: python/pipeline.py
      hash: md5
      md5: dd317b6ef271d0ebf5d64ee680406723
      size: 5350
    params:
      params.yaml:
        rawBiasImage.outputpath: Data/ProcessedData/MasterBias/20230504_MasterBias.fits
        rawBiasImage.path:
        - Data/RawData/CalibrationImages/Bias/20230504T135640_BBBBB_H_0000.fits
        - Data/RawData/CalibrationImages/Bias/20230504T135642_BBBBB_H_0000.fits
        - Data/RawData/CalibrationImages/Bias/20230504T135644_BBBBB_H_0000.fits
        - Data/RawData/CalibrationImages/Bias/20230504T135648_BBBBB_H_0000.fits
        - Data/RawData/CalibrationImages/Bias/20230504T135652_BBBBB_H_0000.fits
    outs:
    - path: Data/ProcessedData/MasterBias/20230504_MasterBias.fits
      hash: md5
      md5: ac069ef25d5474d81b56883414d14699
      size: 892111680
  master flat:
    cmd: python python/masterFlat.py
    deps:
    - path: Data/ProcessedData/MasterBias
      hash: md5
      md5: de64cd6ac6d5fb73c073a4249882360c.dir
      size: 892117828
      nfiles: 2
    - path: python/masterFlat.py
      hash: md5
      md5: 91bf70b361b0efc6bbf4a7981365bea7
      size: 2862
    - path: python/pipeline.py
      hash: md5
      md5: dd317b6ef271d0ebf5d64ee680406723
      size: 5350
    params:
      params.yaml:
        rawBiasImage.outputpath: Data/ProcessedData/MasterBias/20230504_MasterBias.fits
        rawFlatImage.outputpath: Data/ProcessedData/MasterFlat/20230504_MasterFlat.fits
        rawFlatImage.path:
        - Data/RawData/CalibrationImages/Flat/20230504T142007_FFFFF_H_0001.fits
        - Data/RawData/CalibrationImages/Flat/20230504T142402_FFFFF_H_0001.fits
        - Data/RawData/CalibrationImages/Flat/20230504T142759_FFFFF_H_0001.fits
        - Data/RawData/CalibrationImages/Flat/20230504T143157_FFFFF_H_0001.fits
        - Data/RawData/CalibrationImages/Flat/20230504T143554_FFFFF_H_0001.fits
    outs:
    - path: Data/ProcessedData/MasterFlat/20230504_MasterFlat.fits
      hash: md5
      md5: 4b31f344e03e269caaf9021b3e5e79ef
      size: 892111680
  bias subtraction:
    cmd: python python/biasCorrectedScienceImage.py
    deps:
    - path: Data/ProcessedData/MasterBias
      hash: md5
      md5: de64cd6ac6d5fb73c073a4249882360c.dir
      size: 892117828
      nfiles: 2
    params:
      params.yaml:
        rawBiasImage.outputpath: Data/ProcessedData/MasterBias/20230504_MasterBias.fits
        rawScienceImage.outputpath:
        - Data/ProcessedData/BiasSubtractedScience/20230614T185728_ESSSS_H_0600_bias_subtracted.fits
        rawScienceImage.path:
        - Data/RawData/ScienceFrames/20230614T185728_ESSSS_H_0600.fits
  2D mask determination:
    cmd: ./pipeline/target/release/2dmaskdetermination
    deps:
    - path: Data/ProcessedData/MasterFlat
      hash: md5
      md5: af4497191fff0c32b52c608b83010a33.dir
      size: 892117828
      nfiles: 2
    params:
      params.yaml:
        orderImage.maskOutputpath: Data/ProcessedData/ExtractedOrders/Mask/20230504_2d_mask.fits
        rawFlatImage.outputpath: Data/ProcessedData/MasterFlat/20230504_MasterFlat.fits
    outs:
    - path: Data/ProcessedData/ExtractedOrders/Mask/20230504_2d_mask.fits
      hash: md5
      md5: 485f41702cc13d388e22087fc7437938
      size: 20917440
  2D order extraction:
    cmd: ./pipeline/target/release/2dorderextraction
    deps:
    - path: Data/ProcessedData/BiasSubtractedScience
      hash: md5
      md5: 67b00df8b50fe55f6dd4b31b1bb89eaa.dir
      size: 446057280
      nfiles: 1
    - path: Data/ProcessedData/ExtractedOrders/Mask
      hash: md5
      md5: 7bf36120e89ec4bdd1cfcbb90bf9d369.dir
      size: 243947520
      nfiles: 2
    params:
      params.yaml:
        orderImage.maskOutputpath: Data/ProcessedData/ExtractedOrders/Mask/20230504_2d_mask.fits
        rawScienceImage.outputpath:
        - Data/ProcessedData/BiasSubtractedScience/20230614T185728_ESSSS_H_0600_bias_subtracted.fits
  1D flat-relative order extraction:
    cmd: ./pipeline/target/release/1dflatrelativeorderextraction
    deps:
    - path: Data/ProcessedData/ExtractedOrders/Mask
      hash: md5
      md5: 7bf36120e89ec4bdd1cfcbb90bf9d369.dir
      size: 243947520
      nfiles: 2
    params:
      params.yaml:
        orderImage.maskOutputpath: Data/ProcessedData/ExtractedOrders/Mask/20230504_2d_mask.fits
        orderImage.scienceOutputpath:
        - Data/ProcessedData/ExtractedOrders/Science/20230614T185728_ESSSS_H_0600_2d_orders.fits
  Etalon peaks fitting:
    cmd: ./pipeline/target/release/fitetalonpeaks
    deps:
    - path: Data/ProcessedData/OptimalExtraction/
      hash: md5
      md5: 0924af8766da461ab5b9e8aca78f32a0.dir
      size: 32218948
      nfiles: 2
    params:
      params.yaml:
        etalonPeakFitting.outputpath:
        - Data/ProcessedData/WaveCalibration/20230614T185728_ESSSS_H_0600_etalon_peak_fitparameters.fits
